
Microsoft Visual Studio Solution File, Format Version 11.00
# Visual Studio 2010
Project("{FAE04EC0-301F-11D3-BF4B-00C04F79EFBC}") = "roller madness", "Assembly-CSharp-firstpass.csproj", "{C2DB0826-C5D4-34AD-B055-61FB0814F7DC}"
EndProject
Project("{FAE04EC0-301F-11D3-BF4B-00C04F79EFBC}") = "roller madness", "Assembly-CSharp.csproj", "{18F7583D-A6B0-170C-BD11-193470A74820}"
EndProject
Project("{FAE04EC0-301F-11D3-BF4B-00C04F79EFBC}") = "roller madness", "Assembly-CSharp-Editor.csproj", "{C630388D-A682-41D2-5688-346E164B8B3A}"
EndProject
Global
	GlobalSection(SolutionConfigurationPlatforms) = preSolution
		Debug|Any CPU = Debug|Any CPU
		Release|Any CPU = Release|Any CPU
	EndGlobalSection
	GlobalSection(ProjectConfigurationPlatforms) = postSolution
		{C2DB0826-C5D4-34AD-B055-61FB0814F7DC}.Debug|Any CPU.ActiveCfg = Debug|Any CPU
		{C2DB0826-C5D4-34AD-B055-61FB0814F7DC}.Debug|Any CPU.Build.0 = Debug|Any CPU
		{C2DB0826-C5D4-34AD-B055-61FB0814F7DC}.Release|Any CPU.ActiveCfg = Release|Any CPU
		{C2DB0826-C5D4-34AD-B055-61FB0814F7DC}.Release|Any CPU.Build.0 = Release|Any CPU
		{18F7583D-A6B0-170C-BD11-193470A74820}.Debug|Any CPU.ActiveCfg = Debug|Any CPU
		{18F7583D-A6B0-170C-BD11-193470A74820}.Debug|Any CPU.Build.0 = Debug|Any CPU
		{18F7583D-A6B0-170C-BD11-193470A74820}.Release|Any CPU.ActiveCfg = Release|Any CPU
		{18F7583D-A6B0-170C-BD11-193470A74820}.Release|Any CPU.Build.0 = Release|Any CPU
		{C630388D-A682-41D2-5688-346E164B8B3A}.Debug|Any CPU.ActiveCfg = Debug|Any CPU
		{C630388D-A682-41D2-5688-346E164B8B3A}.Debug|Any CPU.Build.0 = Debug|Any CPU
		{C630388D-A682-41D2-5688-346E164B8B3A}.Release|Any CPU.ActiveCfg = Release|Any CPU
		{C630388D-A682-41D2-5688-346E164B8B3A}.Release|Any CPU.Build.0 = Release|Any CPU
	EndGlobalSection
	GlobalSection(SolutionProperties) = preSolution
		HideSolutionNode = FALSE
	EndGlobalSection
	GlobalSection(MonoDevelopProperties) = preSolution
		StartupItem = Assembly-CSharp.csproj
	EndGlobalSection
EndGlobal
